{
  "name": "node",
  "version": "1.0.0",
  "lockfileVersion": 3,
  "requires": true,
  "packages": {
    "": {
      "name": "node",
      "version": "1.0.0",
      "license": "ISC",
      "dependencies": {
        "brotli-ts": "^0.0.3"
      }
    },
    "node_modules/brotli-ts": {
      "version": "0.0.3",
      "resolved": "https://registry.npmjs.org/brotli-ts/-/brotli-ts-0.0.3.tgz",
      "integrity": "sha512-bYLRY68qNo2x5TReHQFaVanyJlPVx3e01WUka3DsDsL5XLUsB8mtCr0A1V+dNvPH/n2V6ZwTXmdskQjl6ybXZA=="
    }
  }
}
